
Microsoft Visual Studio Solution File, Format Version 12.00
# Visual Studio Version 17
VisualStudioVersion = 17.3.32929.385
MinimumVisualStudioVersion = 10.0.40219.1
Project("{9A19103F-16F7-4668-BE54-9A1E7A4F7556}") = "VioRentals - platforma z filmami", "VioRentals - platforma z filmami.csproj", "{AA2C2C58-5103-4C32-987B-11534098B6B2}"
EndProject
Project("{FAE04EC0-301F-11D3-BF4B-00C04F79EFBC}") = "xUnitTests", "..\xUnitTests\xUnitTests.csproj", "{78427484-7769-4879-A66F-392D034B8C68}"
EndProject
Global
	GlobalSection(SolutionConfigurationPlatforms) = preSolution
		Debug|Any CPU = Debug|Any CPU
		Release|Any CPU = Release|Any CPU
	EndGlobalSection
	GlobalSection(ProjectConfigurationPlatforms) = postSolution
		{AA2C2C58-5103-4C32-987B-11534098B6B2}.Debug|Any CPU.ActiveCfg = Debug|Any CPU
		{AA2C2C58-5103-4C32-987B-11534098B6B2}.Debug|Any CPU.Build.0 = Debug|Any CPU
		{AA2C2C58-5103-4C32-987B-11534098B6B2}.Release|Any CPU.ActiveCfg = Release|Any CPU
		{AA2C2C58-5103-4C32-987B-11534098B6B2}.Release|Any CPU.Build.0 = Release|Any CPU
		{78427484-7769-4879-A66F-392D034B8C68}.Debug|Any CPU.ActiveCfg = Debug|Any CPU
		{78427484-7769-4879-A66F-392D034B8C68}.Debug|Any CPU.Build.0 = Debug|Any CPU
		{78427484-7769-4879-A66F-392D034B8C68}.Release|Any CPU.ActiveCfg = Release|Any CPU
		{78427484-7769-4879-A66F-392D034B8C68}.Release|Any CPU.Build.0 = Release|Any CPU
	EndGlobalSection
	GlobalSection(SolutionProperties) = preSolution
		HideSolutionNode = FALSE
	EndGlobalSection
	GlobalSection(ExtensibilityGlobals) = postSolution
		SolutionGuid = {C5886DAF-19ED-4378-9713-ECB6FE86EB34}
	EndGlobalSection
EndGlobal
